Microsoft Visual Studio Solution File, Format Version 12.00
# Visual Studio Version 17
VisualStudioVersion = 17.5.2.0
MinimumVisualStudioVersion = 10.0.40219.1
Project("{FAE04EC0-301F-11D3-BF4B-00C04F79EFBC}") = "cs222_w5", "cs222_w5.csproj", "{01DD3191-4C8E-5F44-5803-C883A1A6633E}"
EndProject
Global
	GlobalSection(SolutionConfigurationPlatforms) = preSolution
		Debug|Any CPU = Debug|Any CPU
		Release|Any CPU = Release|Any CPU
	EndGlobalSection
	GlobalSection(ProjectConfigurationPlatforms) = postSolution
		{01DD3191-4C8E-5F44-5803-C883A1A6633E}.Debug|Any CPU.ActiveCfg = Debug|Any CPU
		{01DD3191-4C8E-5F44-5803-C883A1A6633E}.Debug|Any CPU.Build.0 = Debug|Any CPU
		{01DD3191-4C8E-5F44-5803-C883A1A6633E}.Release|Any CPU.ActiveCfg = Release|Any CPU
		{01DD3191-4C8E-5F44-5803-C883A1A6633E}.Release|Any CPU.Build.0 = Release|Any CPU
	EndGlobalSection
	GlobalSection(SolutionProperties) = preSolution
		HideSolutionNode = FALSE
	EndGlobalSection
	GlobalSection(ExtensibilityGlobals) = postSolution
		SolutionGuid = {5749B387-2EAD-4DCF-A1BF-18D0C01A9FF6}
	EndGlobalSection
EndGlobal
